
Microsoft Visual Studio Solution File, Format Version 12.00
# Visual Studio 15
VisualStudioVersion = 15.0.28307.271
MinimumVisualStudioVersion = 10.0.40219.1
Project("{FAE04EC0-301F-11D3-BF4B-00C04F79EFBC}") = "exam", "exam\exam.csproj", "{7C4DEC82-AE4F-4F4F-9F99-8D8D96FF2E4E}"
EndProject
Global
	GlobalSection(SolutionConfigurationPlatforms) = preSolution
		Debug|Any CPU = Debug|Any CPU
		Release|Any CPU = Release|Any CPU
	EndGlobalSection
	GlobalSection(ProjectConfigurationPlatforms) = postSolution
		{7C4DEC82-AE4F-4F4F-9F99-8D8D96FF2E4E}.Debug|Any CPU.ActiveCfg = Debug|Any CPU
		{7C4DEC82-AE4F-4F4F-9F99-8D8D96FF2E4E}.Debug|Any CPU.Build.0 = Debug|Any CPU
		{7C4DEC82-AE4F-4F4F-9F99-8D8D96FF2E4E}.Release|Any CPU.ActiveCfg = Release|Any CPU
		{7C4DEC82-AE4F-4F4F-9F99-8D8D96FF2E4E}.Release|Any CPU.Build.0 = Release|Any CPU
	EndGlobalSection
	GlobalSection(SolutionProperties) = preSolution
		HideSolutionNode = FALSE
	EndGlobalSection
	GlobalSection(ExtensibilityGlobals) = postSolution
		SolutionGuid = {1C558C90-25E9-4543-A303-0E22721AE156}
	EndGlobalSection
EndGlobal
